Microsoft Visual Studio Solution File, Format Version 12.00
# Visual Studio Version 17
VisualStudioVersion = 17.5.2.0
MinimumVisualStudioVersion = 10.0.40219.1
Project("{FAE04EC0-301F-11D3-BF4B-00C04F79EFBC}") = "Ej2_Singleton", "Ej2_Singleton.csproj", "{40DC9E9D-3B72-48E9-4202-18781A21F5DD}"
EndProject
Global
	GlobalSection(SolutionConfigurationPlatforms) = preSolution
		Debug|Any CPU = Debug|Any CPU
		Release|Any CPU = Release|Any CPU
	EndGlobalSection
	GlobalSection(ProjectConfigurationPlatforms) = postSolution
		{40DC9E9D-3B72-48E9-4202-18781A21F5DD}.Debug|Any CPU.ActiveCfg = Debug|Any CPU
		{40DC9E9D-3B72-48E9-4202-18781A21F5DD}.Debug|Any CPU.Build.0 = Debug|Any CPU
		{40DC9E9D-3B72-48E9-4202-18781A21F5DD}.Release|Any CPU.ActiveCfg = Release|Any CPU
		{40DC9E9D-3B72-48E9-4202-18781A21F5DD}.Release|Any CPU.Build.0 = Release|Any CPU
	EndGlobalSection
	GlobalSection(SolutionProperties) = preSolution
		HideSolutionNode = FALSE
	EndGlobalSection
	GlobalSection(ExtensibilityGlobals) = postSolution
		SolutionGuid = {8791853A-16C7-49DA-985A-341E4D5CA859}
	EndGlobalSection
EndGlobal
